
Microsoft Visual Studio Solution File, Format Version 12.00
Project("{FAE04EC0-301F-11D3-BF4B-00C04F79EFBC}") = "ReferenceRSA", "ReferenceRSA\ReferenceRSA.csproj", "{6CD39657-12AF-456D-A7E7-65106279F02E}"
EndProject
Project("{FAE04EC0-301F-11D3-BF4B-00C04F79EFBC}") = "RSA", "RSA\RSA.csproj", "{69E3EC28-9C44-4220-ACEE-5FE1CF7A4C42}"
EndProject
Project("{FAE04EC0-301F-11D3-BF4B-00C04F79EFBC}") = "RSA.commons", "RSA.commons\RSA.commons.csproj", "{DE6F90E0-3646-468F-98BA-1BF00D1270B2}"
EndProject
Global
	GlobalSection(SolutionConfigurationPlatforms) = preSolution
		Debug|Any CPU = Debug|Any CPU
		Release|Any CPU = Release|Any CPU
	EndGlobalSection
	GlobalSection(ProjectConfigurationPlatforms) = postSolution
		{6CD39657-12AF-456D-A7E7-65106279F02E}.Debug|Any CPU.ActiveCfg = Debug|Any CPU
		{6CD39657-12AF-456D-A7E7-65106279F02E}.Debug|Any CPU.Build.0 = Debug|Any CPU
		{6CD39657-12AF-456D-A7E7-65106279F02E}.Release|Any CPU.ActiveCfg = Release|Any CPU
		{6CD39657-12AF-456D-A7E7-65106279F02E}.Release|Any CPU.Build.0 = Release|Any CPU
		{69E3EC28-9C44-4220-ACEE-5FE1CF7A4C42}.Debug|Any CPU.ActiveCfg = Debug|Any CPU
		{69E3EC28-9C44-4220-ACEE-5FE1CF7A4C42}.Debug|Any CPU.Build.0 = Debug|Any CPU
		{69E3EC28-9C44-4220-ACEE-5FE1CF7A4C42}.Release|Any CPU.ActiveCfg = Release|Any CPU
		{69E3EC28-9C44-4220-ACEE-5FE1CF7A4C42}.Release|Any CPU.Build.0 = Release|Any CPU
		{DE6F90E0-3646-468F-98BA-1BF00D1270B2}.Debug|Any CPU.ActiveCfg = Debug|Any CPU
		{DE6F90E0-3646-468F-98BA-1BF00D1270B2}.Debug|Any CPU.Build.0 = Debug|Any CPU
		{DE6F90E0-3646-468F-98BA-1BF00D1270B2}.Release|Any CPU.ActiveCfg = Release|Any CPU
		{DE6F90E0-3646-468F-98BA-1BF00D1270B2}.Release|Any CPU.Build.0 = Release|Any CPU
	EndGlobalSection
EndGlobal
